
Microsoft Visual Studio Solution File, Format Version 12.00
# Visual Studio Version 16
VisualStudioVersion = 16.0.31321.278
MinimumVisualStudioVersion = 10.0.40219.1
Project("{FAE04EC0-301F-11D3-BF4B-00C04F79EFBC}") = "AutoParkConsole", "AutoParkConsole\AutoParkConsole.csproj", "{53CAC381-6A89-4454-A9AC-5C771C1864A0}"
EndProject
Global
	GlobalSection(SolutionConfigurationPlatforms) = preSolution
		Debug|Any CPU = Debug|Any CPU
		Release|Any CPU = Release|Any CPU
	EndGlobalSection
	GlobalSection(ProjectConfigurationPlatforms) = postSolution
		{53CAC381-6A89-4454-A9AC-5C771C1864A0}.Debug|Any CPU.ActiveCfg = Debug|Any CPU
		{53CAC381-6A89-4454-A9AC-5C771C1864A0}.Debug|Any CPU.Build.0 = Debug|Any CPU
		{53CAC381-6A89-4454-A9AC-5C771C1864A0}.Release|Any CPU.ActiveCfg = Release|Any CPU
		{53CAC381-6A89-4454-A9AC-5C771C1864A0}.Release|Any CPU.Build.0 = Release|Any CPU
	EndGlobalSection
	GlobalSection(SolutionProperties) = preSolution
		HideSolutionNode = FALSE
	EndGlobalSection
	GlobalSection(ExtensibilityGlobals) = postSolution
		SolutionGuid = {AF2098CB-7A8E-4B93-A1C2-7AC8C019E3B8}
	EndGlobalSection
EndGlobal
